{
  "name": "smartmobilestore",
  "version": "1.0.0",
  "lockfileVersion": 3,
  "requires": true,
  "packages": {
    "": {
      "name": "smartmobilestore",
      "version": "1.0.0",
      "license": "ISC",
      "dependencies": {
        "remove-vietnamese-accents": "^1.0.7"
      }
    },
    "node_modules/remove-vietnamese-accents": {
      "version": "1.0.7",
      "resolved": "https://registry.npmjs.org/remove-vietnamese-accents/-/remove-vietnamese-accents-1.0.7.tgz",
      "integrity": "sha512-u4Q+nze3MX0JdwOInBUWoeYZVhIeNvAE2RVTECHX6zpeTnl7NGHeqz2q7iHTs6GBdK0nODpNq06o4sVEhIbFOw==",
      "license": "MIT"
    }
  }
}
